// !$*UTF8*$!
{
	archiveVersion = 1;
	classes = {
	};
	objectVersion = 46;
	objects = {

/* Begin PBXBuildFile section */
		1C008FE518B7AE54002DFD3A /* ModelForUpperCaseMapper.m in Sources */ = {isa = PBXBuildFile; fileRef = 1C008FE418B7AE54002DFD3A /* ModelForUpperCaseMapper.m */; };
		9C05B43F168CEB220054215E /* ArrayTests.m in Sources */ = {isa = PBXBuildFile; fileRef = 9C05B3F7168CEB220054215E /* ArrayTests.m */; };
		9C05B440168CEB220054215E /* BuiltInConversionsTests.m in Sources */ = {isa = PBXBuildFile; fileRef = 9C05B3F9168CEB220054215E /* BuiltInConversionsTests.m */; };
		9C05B442168CEB220054215E /* CustomPropsTests.m in Sources */ = {isa = PBXBuildFile; fileRef = 9C05B3FD168CEB220054215E /* CustomPropsTests.m */; };
		9C05B443168CEB220054215E /* colors.json in Resources */ = {isa = PBXBuildFile; fileRef = 9C05B3FF168CEB220054215E /* colors.json */; };
		9C05B444168CEB220054215E /* converts.json in Resources */ = {isa = PBXBuildFile; fileRef = 9C05B400168CEB220054215E /* converts.json */; };
		9C05B445168CEB220054215E /* github-iphone.json in Resources */ = {isa = PBXBuildFile; fileRef = 9C05B401168CEB220054215E /* github-iphone.json */; };
		9C05B446168CEB220054215E /* jsonTypes.json in Resources */ = {isa = PBXBuildFile; fileRef = 9C05B402168CEB220054215E /* jsonTypes.json */; };
		9C05B447168CEB220054215E /* nestedData.json in Resources */ = {isa = PBXBuildFile; fileRef = 9C05B403168CEB220054215E /* nestedData.json */; };
		9C05B449168CEB220054215E /* post.json in Resources */ = {isa = PBXBuildFile; fileRef = 9C05B405168CEB220054215E /* post.json */; };
		9C05B44A168CEB220054215E /* primitives.json in Resources */ = {isa = PBXBuildFile; fileRef = 9C05B406168CEB220054215E /* primitives.json */; };
		9C05B44B168CEB220054215E /* primitivesWithErrors.json in Resources */ = {isa = PBXBuildFile; fileRef = 9C05B407168CEB220054215E /* primitivesWithErrors.json */; };
		9C05B44C168CEB220054215E /* withOptProp.json in Resources */ = {isa = PBXBuildFile; fileRef = 9C05B408168CEB220054215E /* withOptProp.json */; };
		9C05B44D168CEB220054215E /* withoutOptProp.json in Resources */ = {isa = PBXBuildFile; fileRef = 9C05B409168CEB220054215E /* withoutOptProp.json */; };
		9C05B44E168CEB220054215E /* IdPropertyTests.m in Sources */ = {isa = PBXBuildFile; fileRef = 9C05B40B168CEB220054215E /* IdPropertyTests.m */; };
		9C05B44F168CEB220054215E /* JSONTypesModelWithValidation1.m in Sources */ = {isa = PBXBuildFile; fileRef = 9C05B40D168CEB220054215E /* JSONTypesModelWithValidation1.m */; };
		9C05B450168CEB220054215E /* JSONTypesModelWithValidation2.m in Sources */ = {isa = PBXBuildFile; fileRef = 9C05B40F168CEB220054215E /* JSONTypesModelWithValidation2.m */; };
		9C05B451168CEB220054215E /* JSONTypesReadTests.m in Sources */ = {isa = PBXBuildFile; fileRef = 9C05B411168CEB220054215E /* JSONTypesReadTests.m */; };
		9C05B452168CEB220054215E /* JSONValueTransformer+UIColor.m in Sources */ = {isa = PBXBuildFile; fileRef = 9C05B413168CEB220054215E /* JSONValueTransformer+UIColor.m */; };
		9C05B453168CEB220054215E /* KeyMappingTests.m in Sources */ = {isa = PBXBuildFile; fileRef = 9C05B415168CEB220054215E /* KeyMappingTests.m */; };
		9C05B454168CEB220054215E /* NestedModelsTests.m in Sources */ = {isa = PBXBuildFile; fileRef = 9C05B417168CEB220054215E /* NestedModelsTests.m */; };
		9C05B455168CEB220054215E /* OptionalPropertiesTests.m in Sources */ = {isa = PBXBuildFile; fileRef = 9C05B419168CEB220054215E /* OptionalPropertiesTests.m */; };
		9C05B456168CEB220054215E /* PersistTests.m in Sources */ = {isa = PBXBuildFile; fileRef = 9C05B41B168CEB220054215E /* PersistTests.m */; };
		9C05B457168CEB220054215E /* PrimitiveTypesReadTests.m in Sources */ = {isa = PBXBuildFile; fileRef = 9C05B41D168CEB220054215E /* PrimitiveTypesReadTests.m */; };
		9C05B458168CEB220054215E /* SimpleDataErrorTests.m in Sources */ = {isa = PBXBuildFile; fileRef = 9C05B41F168CEB220054215E /* SimpleDataErrorTests.m */; };
		9C05B459168CEB220054215E /* BuiltInConversionsModel.m in Sources */ = {isa = PBXBuildFile; fileRef = 9C05B422168CEB220054215E /* BuiltInConversionsModel.m */; };
		9C05B45A168CEB220054215E /* CustomPropertyModel.m in Sources */ = {isa = PBXBuildFile; fileRef = 9C05B424168CEB220054215E /* CustomPropertyModel.m */; };
		9C05B45B168CEB220054215E /* GitHubKeyMapRepoModel.m in Sources */ = {isa = PBXBuildFile; fileRef = 9C05B426168CEB220054215E /* GitHubKeyMapRepoModel.m */; };
		9C05B45C168CEB220054215E /* GitHubKeyMapRepoModelDict.m in Sources */ = {isa = PBXBuildFile; fileRef = 9C05B428168CEB220054215E /* GitHubKeyMapRepoModelDict.m */; };
		9C05B45D168CEB220054215E /* GitHubRepoModel.m in Sources */ = {isa = PBXBuildFile; fileRef = 9C05B42A168CEB220054215E /* GitHubRepoModel.m */; };
		9C05B45E168CEB220054215E /* GitHubRepoModelForUSMapper.m in Sources */ = {isa = PBXBuildFile; fileRef = 9C05B42C168CEB220054215E /* GitHubRepoModelForUSMapper.m */; };
		9C05B45F168CEB220054215E /* ImageModel.m in Sources */ = {isa = PBXBuildFile; fileRef = 9C05B42E168CEB220054215E /* ImageModel.m */; };
		9C05B460168CEB220054215E /* JSONTypesModel.m in Sources */ = {isa = PBXBuildFile; fileRef = 9C05B430168CEB220054215E /* JSONTypesModel.m */; };
		9C05B461168CEB220054215E /* NestedModel.m in Sources */ = {isa = PBXBuildFile; fileRef = 9C05B432168CEB220054215E /* NestedModel.m */; };
		9C05B462168CEB220054215E /* OptionalPropModel.m in Sources */ = {isa = PBXBuildFile; fileRef = 9C05B434168CEB220054215E /* OptionalPropModel.m */; };
		9C05B463168CEB220054215E /* PostModel.m in Sources */ = {isa = PBXBuildFile; fileRef = 9C05B436168CEB220054215E /* PostModel.m */; };
		9C05B464168CEB220054215E /* PostsModel.m in Sources */ = {isa = PBXBuildFile; fileRef = 9C05B438168CEB220054215E /* PostsModel.m */; };
		9C05B465168CEB220054215E /* PrimitivesModel.m in Sources */ = {isa = PBXBuildFile; fileRef = 9C05B43A168CEB220054215E /* PrimitivesModel.m */; };
		9C05B466168CEB220054215E /* ReposModel.m in Sources */ = {isa = PBXBuildFile; fileRef = 9C05B43C168CEB220054215E /* ReposModel.m */; };
		9C05B467168CEB220054215E /* ValidationTestSuite.m in Sources */ = {isa = PBXBuildFile; fileRef = 9C05B43E168CEB220054215E /* ValidationTestSuite.m */; };
		9C08C1AF1749750100AA8CC9 /* CopyrightModel.m in Sources */ = {isa = PBXBuildFile; fileRef = 9C08C1AE1749750100AA8CC9 /* CopyrightModel.m */; };
		9C66DF47168CEECF0015CCDF /* colors.json in Resources */ = {isa = PBXBuildFile; fileRef = 9C05B3FF168CEB220054215E /* colors.json */; };
		9C66DF48168CEECF0015CCDF /* converts.json in Resources */ = {isa = PBXBuildFile; fileRef = 9C05B400168CEB220054215E /* converts.json */; };
		9C66DF49168CEECF0015CCDF /* github-iphone.json in Resources */ = {isa = PBXBuildFile; fileRef = 9C05B401168CEB220054215E /* github-iphone.json */; };
		9C66DF4A168CEECF0015CCDF /* jsonTypes.json in Resources */ = {isa = PBXBuildFile; fileRef = 9C05B402168CEB220054215E /* jsonTypes.json */; };
		9C66DF4B168CEECF0015CCDF /* nestedData.json in Resources */ = {isa = PBXBuildFile; fileRef = 9C05B403168CEB220054215E /* nestedData.json */; };
		9C66DF4D168CEECF0015CCDF /* post.json in Resources */ = {isa = PBXBuildFile; fileRef = 9C05B405168CEB220054215E /* post.json */; };
		9C66DF4E168CEECF0015CCDF /* primitives.json in Resources */ = {isa = PBXBuildFile; fileRef = 9C05B406168CEB220054215E /* primitives.json */; };
		9C66DF4F168CEECF0015CCDF /* primitivesWithErrors.json in Resources */ = {isa = PBXBuildFile; fileRef = 9C05B407168CEB220054215E /* primitivesWithErrors.json */; };
		9C66DF50168CEECF0015CCDF /* withOptProp.json in Resources */ = {isa = PBXBuildFile; fileRef = 9C05B408168CEB220054215E /* withOptProp.json */; };
		9C66DF51168CEECF0015CCDF /* withoutOptProp.json in Resources */ = {isa = PBXBuildFile; fileRef = 9C05B409168CEB220054215E /* withoutOptProp.json */; };
		9C66DFF6168CF09A0015CCDF /* JSONModel.m in Sources */ = {isa = PBXBuildFile; fileRef = 9C66DFDF168CF09A0015CCDF /* JSONModel.m */; };
		9C66DFF7168CF09A0015CCDF /* JSONModel.m in Sources */ = {isa = PBXBuildFile; fileRef = 9C66DFDF168CF09A0015CCDF /* JSONModel.m */; };
		9C66DFF8168CF09A0015CCDF /* JSONModelArray.m in Sources */ = {isa = PBXBuildFile; fileRef = 9C66DFE1168CF09A0015CCDF /* JSONModelArray.m */; };
		9C66DFF9168CF09A0015CCDF /* JSONModelArray.m in Sources */ = {isa = PBXBuildFile; fileRef = 9C66DFE1168CF09A0015CCDF /* JSONModelArray.m */; };
		9C66DFFA168CF09A0015CCDF /* JSONModelClassProperty.m in Sources */ = {isa = PBXBuildFile; fileRef = 9C66DFE3168CF09A0015CCDF /* JSONModelClassProperty.m */; };
		9C66DFFB168CF09A0015CCDF /* JSONModelClassProperty.m in Sources */ = {isa = PBXBuildFile; fileRef = 9C66DFE3168CF09A0015CCDF /* JSONModelClassProperty.m */; };
		9C66DFFC168CF09A0015CCDF /* JSONModelError.m in Sources */ = {isa = PBXBuildFile; fileRef = 9C66DFE5168CF09A0015CCDF /* JSONModelError.m */; };
		9C66DFFD168CF09A0015CCDF /* JSONModelError.m in Sources */ = {isa = PBXBuildFile; fileRef = 9C66DFE5168CF09A0015CCDF /* JSONModelError.m */; };
		9C66DFFE168CF09A0015CCDF /* NSArray+JSONModel.m in Sources */ = {isa = PBXBuildFile; fileRef = 9C66DFE8168CF09A0015CCDF /* NSArray+JSONModel.m */; };
		9C66DFFF168CF09A0015CCDF /* NSArray+JSONModel.m in Sources */ = {isa = PBXBuildFile; fileRef = 9C66DFE8168CF09A0015CCDF /* NSArray+JSONModel.m */; };
		9C66E000168CF09A0015CCDF /* JSONAPI.m in Sources */ = {isa = PBXBuildFile; fileRef = 9C66DFEC168CF09A0015CCDF /* JSONAPI.m */; };
		9C66E001168CF09A0015CCDF /* JSONAPI.m in Sources */ = {isa = PBXBuildFile; fileRef = 9C66DFEC168CF09A0015CCDF /* JSONAPI.m */; };
		9C66E002168CF09A0015CCDF /* JSONHTTPClient.m in Sources */ = {isa = PBXBuildFile; fileRef = 9C66DFEE168CF09A0015CCDF /* JSONHTTPClient.m */; };
		9C66E003168CF09A0015CCDF /* JSONHTTPClient.m in Sources */ = {isa = PBXBuildFile; fileRef = 9C66DFEE168CF09A0015CCDF /* JSONHTTPClient.m */; };
		9C66E004168CF09A0015CCDF /* JSONModel+networking.m in Sources */ = {isa = PBXBuildFile; fileRef = 9C66DFF0168CF09A0015CCDF /* JSONModel+networking.m */; };
		9C66E005168CF09A0015CCDF /* JSONModel+networking.m in Sources */ = {isa = PBXBuildFile; fileRef = 9C66DFF0168CF09A0015CCDF /* JSONModel+networking.m */; };
		9C66E006168CF09A0015CCDF /* JSONKeyMapper.m in Sources */ = {isa = PBXBuildFile; fileRef = 9C66DFF3168CF09A0015CCDF /* JSONKeyMapper.m */; };
		9C66E007168CF09A0015CCDF /* JSONKeyMapper.m in Sources */ = {isa = PBXBuildFile; fileRef = 9C66DFF3168CF09A0015CCDF /* JSONKeyMapper.m */; };
		9C66E008168CF09A0015CCDF /* JSONValueTransformer.m in Sources */ = {isa = PBXBuildFile; fileRef = 9C66DFF5168CF09A0015CCDF /* JSONValueTransformer.m */; };
		9C66E009168CF09A0015CCDF /* JSONValueTransformer.m in Sources */ = {isa = PBXBuildFile; fileRef = 9C66DFF5168CF09A0015CCDF /* JSONValueTransformer.m */; };
		9C6C35DF181CF7B500BEE72D /* nestedDataWithArrayError.json in Resources */ = {isa = PBXBuildFile; fileRef = 9C6C35DB181CF7B500BEE72D /* nestedDataWithArrayError.json */; };
		9C6C35E0181CF7B500BEE72D /* nestedDataWithDictionaryError.json in Resources */ = {isa = PBXBuildFile; fileRef = 9C6C35DC181CF7B500BEE72D /* nestedDataWithDictionaryError.json */; };
		9C6C35E1181CF7B500BEE72D /* nestedDataWithTypeMismatchOnImages.json in Resources */ = {isa = PBXBuildFile; fileRef = 9C6C35DD181CF7B500BEE72D /* nestedDataWithTypeMismatchOnImages.json */; };
		9C6C35E2181CF7B500BEE72D /* nestedDataWithTypeMismatchOnImagesObject.json in Resources */ = {isa = PBXBuildFile; fileRef = 9C6C35DE181CF7B500BEE72D /* nestedDataWithTypeMismatchOnImagesObject.json */; };
		9C72A49D171447F70047C6AE /* SystemConfiguration.framework in Frameworks */ = {isa = PBXBuildFile; fileRef = 9C72A49C171447F70047C6AE /* SystemConfiguration.framework */; };
		9C735D67170B717F00FF96F5 /* JSONAPITests.m in Sources */ = {isa = PBXBuildFile; fileRef = 9C735D66170B717F00FF96F5 /* JSONAPITests.m */; };
		9C735D6D170B7A2D00FF96F5 /* RpcRequestModel.m in Sources */ = {isa = PBXBuildFile; fileRef = 9C735D6C170B7A2D00FF96F5 /* RpcRequestModel.m */; };
		9C735D73170C048C00FF96F5 /* InitFromWebTests.m in Sources */ = {isa = PBXBuildFile; fileRef = 9C735D72170C048C00FF96F5 /* InitFromWebTests.m */; };
		9C97441C168CF255004DA333 /* Cocoa.framework in Frameworks */ = {isa = PBXBuildFile; fileRef = 9C97441B168CF255004DA333 /* Cocoa.framework */; };
		9C97441E168CF264004DA333 /* Cocoa.framework in Frameworks */ = {isa = PBXBuildFile; fileRef = 9C97441D168CF264004DA333 /* Cocoa.framework */; };
		9CB6BC28168DE35E0002535B /* VideoLink.m in Sources */ = {isa = PBXBuildFile; fileRef = 9CB6BC23168DE35E0002535B /* VideoLink.m */; };
		9CB6BC29168DE35E0002535B /* VideoModel.m in Sources */ = {isa = PBXBuildFile; fileRef = 9CB6BC25168DE35E0002535B /* VideoModel.m */; };
		9CB6BC2A168DE35E0002535B /* VideoTitle.m in Sources */ = {isa = PBXBuildFile; fileRef = 9CB6BC27168DE35E0002535B /* VideoTitle.m */; };
		9CB6BC2E168E07730002535B /* GitHubUserModel.m in Sources */ = {isa = PBXBuildFile; fileRef = 9CB6BC2D168E07730002535B /* GitHubUserModel.m */; };
		9CC27C9C1689B7BE008B5411 /* InfoPlist.strings in Resources */ = {isa = PBXBuildFile; fileRef = 9CC27C9A1689B7BE008B5411 /* InfoPlist.strings */; };
		9CC27C9E1689B7BE008B5411 /* main.m in Sources */ = {isa = PBXBuildFile; fileRef = 9CC27C9D1689B7BE008B5411 /* main.m */; };
		9CC27CA21689B7BE008B5411 /* Credits.rtf in Resources */ = {isa = PBXBuildFile; fileRef = 9CC27CA01689B7BE008B5411 /* Credits.rtf */; };
		9CC27CA51689B7BE008B5411 /* AppDelegate.m in Sources */ = {isa = PBXBuildFile; fileRef = 9CC27CA41689B7BE008B5411 /* AppDelegate.m */; };
		9CC27CA81689B7BE008B5411 /* MainMenu.xib in Resources */ = {isa = PBXBuildFile; fileRef = 9CC27CA61689B7BE008B5411 /* MainMenu.xib */; };
		9CC27CCD1689B92A008B5411 /* ViewController.m in Sources */ = {isa = PBXBuildFile; fileRef = 9CC27CCB1689B92A008B5411 /* ViewController.m */; };
		9CC27CCE1689B92A008B5411 /* ViewController.xib in Resources */ = {isa = PBXBuildFile; fileRef = 9CC27CCC1689B92A008B5411 /* ViewController.xib */; };
		9CC2FCB9168CE7340059FE67 /* KivaFeed.m in Sources */ = {isa = PBXBuildFile; fileRef = 9CC2FCB4168CE7340059FE67 /* KivaFeed.m */; };
		9CC2FCBA168CE7340059FE67 /* LoanModel.m in Sources */ = {isa = PBXBuildFile; fileRef = 9CC2FCB6168CE7340059FE67 /* LoanModel.m */; };
		9CC2FCBB168CE7340059FE67 /* LocationModel.m in Sources */ = {isa = PBXBuildFile; fileRef = 9CC2FCB8168CE7340059FE67 /* LocationModel.m */; };
		9CD22C8618FF32F7003E66AD /* XCTest.framework in Frameworks */ = {isa = PBXBuildFile; fileRef = 9CBD6D5118FF2FDD00DE66EC /* XCTest.framework */; };
		9CD425861702224F00A42AA1 /* HTTPClientSuite.m in Sources */ = {isa = PBXBuildFile; fileRef = 9CD425851702224F00A42AA1 /* HTTPClientSuite.m */; };
		9CD4258B170222AF00A42AA1 /* MockNSURLConnection.m in Sources */ = {isa = PBXBuildFile; fileRef = 9CD42588170222AF00A42AA1 /* MockNSURLConnection.m */; };
		9CD4258C170222AF00A42AA1 /* MTTestSemaphor.m in Sources */ = {isa = PBXBuildFile; fileRef = 9CD4258A170222AF00A42AA1 /* MTTestSemaphor.m */; };
		9CFDD0A4176E9742007B7DFA /* EnumModel.m in Sources */ = {isa = PBXBuildFile; fileRef = 9CFDD0A3176E9742007B7DFA /* EnumModel.m */; };
		D5F918E5172AD99600AC2C8E /* specialPropertyName.json in Resources */ = {isa = PBXBuildFile; fileRef = D5F918E1172AD8CF00AC2C8E /* specialPropertyName.json */; };
		D5F918EB172ADA3F00AC2C8E /* SpecialPropertyModel.m in Sources */ = {isa = PBXBuildFile; fileRef = D5F918EA172ADA3F00AC2C8E /* SpecialPropertyModel.m */; };
		D5F918EE172ADAF900AC2C8E /* SpecialPropertyNameTests.m in Sources */ = {isa = PBXBuildFile; fileRef = D5F918ED172ADAF800AC2C8E /* SpecialPropertyNameTests.m */; };
		D5F918EF172ADC2400AC2C8E /* specialPropertyName.json in Resources */ = {isa = PBXBuildFile; fileRef = D5F918E1172AD8CF00AC2C8E /* specialPropertyName.json */; };
/* End PBXBuildFile section */

/* Begin PBXFileReference section */
		1C008FE318B7AE54002DFD3A /* ModelForUpperCaseMapper.h */ = {isa = PBXFileReference; fileEncoding = 4; lastKnownFileType = sourcecode.c.h; path = ModelForUpperCaseMapper.h; sourceTree = "<group>"; };
		1C008FE418B7AE54002DFD3A /* ModelForUpperCaseMapper.m */ = {isa = PBXFileReference; fileEncoding = 4; lastKnownFileType = sourcecode.c.objc; path = ModelForUpperCaseMapper.m; sourceTree = "<group>"; };
		9C05B2A8168CE9600054215E /* JSONModelDemoTests.xctest */ = {isa = PBXFileReference; explicitFileType = wrapper.cfbundle; includeInIndex = 0; path = JSONModelDemoTests.xctest; sourceTree = BUILT_PRODUCTS_DIR; };
		9C05B2B0168CE9600054215E /* JSONModelDemoTests-Info.plist */ = {isa = PBXFileReference; lastKnownFileType = text.plist.xml; path = "JSONModelDemoTests-Info.plist"; sourceTree = "<group>"; };
		9C05B2B7168CE9600054215E /* JSONModelDemoTests-Prefix.pch */ = {isa = PBXFileReference; lastKnownFileType = sourcecode.c.h; path = "JSONModelDemoTests-Prefix.pch"; sourceTree = "<group>"; };
		9C05B3F6168CEB220054215E /* ArrayTests.h */ = {isa = PBXFileReference; fileEncoding = 4; lastKnownFileType = sourcecode.c.h; path = ArrayTests.h; sourceTree = "<group>"; };
		9C05B3F7168CEB220054215E /* ArrayTests.m */ = {isa = PBXFileReference; fileEncoding = 4; lastKnownFileType = sourcecode.c.objc; path = ArrayTests.m; sourceTree = "<group>"; };
		9C05B3F8168CEB220054215E /* BuiltInConversionsTests.h */ = {isa = PBXFileReference; fileEncoding = 4; lastKnownFileType = sourcecode.c.h; path = BuiltInConversionsTests.h; sourceTree = "<group>"; };
		9C05B3F9168CEB220054215E /* BuiltInConversionsTests.m */ = {isa = PBXFileReference; fileEncoding = 4; lastKnownFileType = sourcecode.c.objc; path = BuiltInConversionsTests.m; sourceTree = "<group>"; };
		9C05B3FC168CEB220054215E /* CustomPropsTests.h */ = {isa = PBXFileReference; fileEncoding = 4; lastKnownFileType = sourcecode.c.h; path = CustomPropsTests.h; sourceTree = "<group>"; };
		9C05B3FD168CEB220054215E /* CustomPropsTests.m */ = {isa = PBXFileReference; fileEncoding = 4; lastKnownFileType = sourcecode.c.objc; path = CustomPropsTests.m; sourceTree = "<group>"; };
		9C05B3FF168CEB220054215E /* colors.json */ = {isa = PBXFileReference; fileEncoding = 4; lastKnownFileType = text.json; path = colors.json; sourceTree = "<group>"; };
		9C05B400168CEB220054215E /* converts.json */ = {isa = PBXFileReference; fileEncoding = 4; lastKnownFileType = text.json; path = converts.json; sourceTree = "<group>"; };
		9C05B401168CEB220054215E /* github-iphone.json */ = {isa = PBXFileReference; fileEncoding = 4; lastKnownFileType = text.json; path = "github-iphone.json"; sourceTree = "<group>"; };
		9C05B402168CEB220054215E /* jsonTypes.json */ = {isa = PBXFileReference; fileEncoding = 4; lastKnownFileType = text.json; path = jsonTypes.json; sourceTree = "<group>"; };
		9C05B403168CEB220054215E /* nestedData.json */ = {isa = PBXFileReference; fileEncoding = 4; lastKnownFileType = text.json; path = nestedData.json; sourceTree = "<group>"; };
		9C05B405168CEB220054215E /* post.json */ = {isa = PBXFileReference; fileEncoding = 4; lastKnownFileType = text.json; path = post.json; sourceTree = "<group>"; };
		9C05B406168CEB220054215E /* primitives.json */ = {isa = PBXFileReference; fileEncoding = 4; lastKnownFileType = text.json; path = primitives.json; sourceTree = "<group>"; };
		9C05B407168CEB220054215E /* primitivesWithErrors.json */ = {isa = PBXFileReference; fileEncoding = 4; lastKnownFileType = text.json; path = primitivesWithErrors.json; sourceTree = "<group>"; };
		9C05B408168CEB220054215E /* withOptProp.json */ = {isa = PBXFileReference; fileEncoding = 4; lastKnownFileType = text.json; path = withOptProp.json; sourceTree = "<group>"; };
		9C05B409168CEB220054215E /* withoutOptProp.json */ = {isa = PBXFileReference; fileEncoding = 4; lastKnownFileType = text.json; path = withoutOptProp.json; sourceTree = "<group>"; };
		9C05B40A168CEB220054215E /* IdPropertyTests.h */ = {isa = PBXFileReference; fileEncoding = 4; lastKnownFileType = sourcecode.c.h; path = IdPropertyTests.h; sourceTree = "<group>"; };
		9C05B40B168CEB220054215E /* IdPropertyTests.m */ = {isa = PBXFileReference; fileEncoding = 4; lastKnownFileType = sourcecode.c.objc; path = IdPropertyTests.m; sourceTree = "<group>"; };
		9C05B40C168CEB220054215E /* JSONTypesModelWithValidation1.h */ = {isa = PBXFileReference; fileEncoding = 4; lastKnownFileType = sourcecode.c.h; path = JSONTypesModelWithValidation1.h; sourceTree = "<group>"; };
		9C05B40D168CEB220054215E /* JSONTypesModelWithValidation1.m */ = {isa = PBXFileReference; fileEncoding = 4; lastKnownFileType = sourcecode.c.objc; path = JSONTypesModelWithValidation1.m; sourceTree = "<group>"; };
		9C05B40E168CEB220054215E /* JSONTypesModelWithValidation2.h */ = {isa = PBXFileReference; fileEncoding = 4; lastKnownFileType = sourcecode.c.h; path = JSONTypesModelWithValidation2.h; sourceTree = "<group>"; };
		9C05B40F168CEB220054215E /* JSONTypesModelWithValidation2.m */ = {isa = PBXFileReference; fileEncoding = 4; lastKnownFileType = sourcecode.c.objc; path = JSONTypesModelWithValidation2.m; sourceTree = "<group>"; };
		9C05B410168CEB220054215E /* JSONTypesReadTests.h */ = {isa = PBXFileReference; fileEncoding = 4; lastKnownFileType = sourcecode.c.h; path = JSONTypesReadTests.h; sourceTree = "<group>"; };
		9C05B411168CEB220054215E /* JSONTypesReadTests.m */ = {isa = PBXFileReference; fileEncoding = 4; lastKnownFileType = sourcecode.c.objc; path = JSONTypesReadTests.m; sourceTree = "<group>"; };
		9C05B412168CEB220054215E /* JSONValueTransformer+UIColor.h */ = {isa = PBXFileReference; fileEncoding = 4; lastKnownFileType = sourcecode.c.h; path = "JSONValueTransformer+UIColor.h"; sourceTree = "<group>"; };
		9C05B413168CEB220054215E /* JSONValueTransformer+UIColor.m */ = {isa = PBXFileReference; fileEncoding = 4; lastKnownFileType = sourcecode.c.objc; path = "JSONValueTransformer+UIColor.m"; sourceTree = "<group>"; };
		9C05B414168CEB220054215E /* KeyMappingTests.h */ = {isa = PBXFileReference; fileEncoding = 4; lastKnownFileType = sourcecode.c.h; path = KeyMappingTests.h; sourceTree = "<group>"; };
		9C05B415168CEB220054215E /* KeyMappingTests.m */ = {isa = PBXFileReference; fileEncoding = 4; lastKnownFileType = sourcecode.c.objc; path = KeyMappingTests.m; sourceTree = "<group>"; };
		9C05B416168CEB220054215E /* NestedModelsTests.h */ = {isa = PBXFileReference; fileEncoding = 4; lastKnownFileType = sourcecode.c.h; path = NestedModelsTests.h; sourceTree = "<group>"; };
		9C05B417168CEB220054215E /* NestedModelsTests.m */ = {isa = PBXFileReference; fileEncoding = 4; lastKnownFileType = sourcecode.c.objc; path = NestedModelsTests.m; sourceTree = "<group>"; xcLanguageSpecificationIdentifier = xcode.lang.objc; };
		9C05B418168CEB220054215E /* OptionalPropertiesTests.h */ = {isa = PBXFileReference; fileEncoding = 4; lastKnownFileType = sourcecode.c.h; path = OptionalPropertiesTests.h; sourceTree = "<group>"; };
		9C05B419168CEB220054215E /* OptionalPropertiesTests.m */ = {isa = PBXFileReference; fileEncoding = 4; lastKnownFileType = sourcecode.c.objc; path = OptionalPropertiesTests.m; sourceTree = "<group>"; };
		9C05B41A168CEB220054215E /* PersistTests.h */ = {isa = PBXFileReference; fileEncoding = 4; lastKnownFileType = sourcecode.c.h; path = PersistTests.h; sourceTree = "<group>"; };
		9C05B41B168CEB220054215E /* PersistTests.m */ = {isa = PBXFileReference; fileEncoding = 4; lastKnownFileType = sourcecode.c.objc; path = PersistTests.m; sourceTree = "<group>"; };
		9C05B41C168CEB220054215E /* PrimitiveTypesReadTests.h */ = {isa = PBXFileReference; fileEncoding = 4; lastKnownFileType = sourcecode.c.h; path = PrimitiveTypesReadTests.h; sourceTree = "<group>"; };
		9C05B41D168CEB220054215E /* PrimitiveTypesReadTests.m */ = {isa = PBXFileReference; fileEncoding = 4; lastKnownFileType = sourcecode.c.objc; path = PrimitiveTypesReadTests.m; sourceTree = "<group>"; };
		9C05B41E168CEB220054215E /* SimpleDataErrorTests.h */ = {isa = PBXFileReference; fileEncoding = 4; lastKnownFileType = sourcecode.c.h; path = SimpleDataErrorTests.h; sourceTree = "<group>"; };
		9C05B41F168CEB220054215E /* SimpleDataErrorTests.m */ = {isa = PBXFileReference; fileEncoding = 4; lastKnownFileType = sourcecode.c.objc; path = SimpleDataErrorTests.m; sourceTree = "<group>"; };
		9C05B421168CEB220054215E /* BuiltInConversionsModel.h */ = {isa = PBXFileReference; fileEncoding = 4; lastKnownFileType = sourcecode.c.h; path = BuiltInConversionsModel.h; sourceTree = "<group>"; };
		9C05B422168CEB220054215E /* BuiltInConversionsModel.m */ = {isa = PBXFileReference; fileEncoding = 4; lastKnownFileType = sourcecode.c.objc; path = BuiltInConversionsModel.m; sourceTree = "<group>"; };
		9C05B423168CEB220054215E /* CustomPropertyModel.h */ = {isa = PBXFileReference; fileEncoding = 4; lastKnownFileType = sourcecode.c.h; path = CustomPropertyModel.h; sourceTree = "<group>"; };
		9C05B424168CEB220054215E /* CustomPropertyModel.m */ = {isa = PBXFileReference; fileEncoding = 4; lastKnownFileType = sourcecode.c.objc; path = CustomPropertyModel.m; sourceTree = "<group>"; };
		9C05B425168CEB220054215E /* GitHubKeyMapRepoModel.h */ = {isa = PBXFileReference; fileEncoding = 4; lastKnownFileType = sourcecode.c.h; path = GitHubKeyMapRepoModel.h; sourceTree = "<group>"; };
		9C05B426168CEB220054215E /* GitHubKeyMapRepoModel.m */ = {isa = PBXFileReference; fileEncoding = 4; lastKnownFileType = sourcecode.c.objc; path = GitHubKeyMapRepoModel.m; sourceTree = "<group>"; };
		9C05B427168CEB220054215E /* GitHubKeyMapRepoModelDict.h */ = {isa = PBXFileReference; fileEncoding = 4; lastKnownFileType = sourcecode.c.h; path = GitHubKeyMapRepoModelDict.h; sourceTree = "<group>"; };
		9C05B428168CEB220054215E /* GitHubKeyMapRepoModelDict.m */ = {isa = PBXFileReference; fileEncoding = 4; lastKnownFileType = sourcecode.c.objc; path = GitHubKeyMapRepoModelDict.m; sourceTree = "<group>"; };
		9C05B429168CEB220054215E /* GitHubRepoModel.h */ = {isa = PBXFileReference; fileEncoding = 4; lastKnownFileType = sourcecode.c.h; path = GitHubRepoModel.h; sourceTree = "<group>"; };
		9C05B42A168CEB220054215E /* GitHubRepoModel.m */ = {isa = PBXFileReference; fileEncoding = 4; lastKnownFileType = sourcecode.c.objc; path = GitHubRepoModel.m; sourceTree = "<group>"; };
		9C05B42B168CEB220054215E /* GitHubRepoModelForUSMapper.h */ = {isa = PBXFileReference; fileEncoding = 4; lastKnownFileType = sourcecode.c.h; path = GitHubRepoModelForUSMapper.h; sourceTree = "<group>"; };
		9C05B42C168CEB220054215E /* GitHubRepoModelForUSMapper.m */ = {isa = PBXFileReference; fileEncoding = 4; lastKnownFileType = sourcecode.c.objc; path = GitHubRepoModelForUSMapper.m; sourceTree = "<group>"; };
		9C05B42D168CEB220054215E /* ImageModel.h */ = {isa = PBXFileReference; fileEncoding = 4; lastKnownFileType = sourcecode.c.h; path = ImageModel.h; sourceTree = "<group>"; };
		9C05B42E168CEB220054215E /* ImageModel.m */ = {isa = PBXFileReference; fileEncoding = 4; lastKnownFileType = sourcecode.c.objc; path = ImageModel.m; sourceTree = "<group>"; };
		9C05B42F168CEB220054215E /* JSONTypesModel.h */ = {isa = PBXFileReference; fileEncoding = 4; lastKnownFileType = sourcecode.c.h; path = JSONTypesModel.h; sourceTree = "<group>"; };
		9C05B430168CEB220054215E /* JSONTypesModel.m */ = {isa = PBXFileReference; fileEncoding = 4; lastKnownFileType = sourcecode.c.objc; path = JSONTypesModel.m; sourceTree = "<group>"; };
		9C05B431168CEB220054215E /* NestedModel.h */ = {isa = PBXFileReference; fileEncoding = 4; lastKnownFileType = sourcecode.c.h; path = NestedModel.h; sourceTree = "<group>"; };
		9C05B432168CEB220054215E /* NestedModel.m */ = {isa = PBXFileReference; fileEncoding = 4; lastKnownFileType = sourcecode.c.objc; path = NestedModel.m; sourceTree = "<group>"; };
		9C05B433168CEB220054215E /* OptionalPropModel.h */ = {isa = PBXFileReference; fileEncoding = 4; lastKnownFileType = sourcecode.c.h; path = OptionalPropModel.h; sourceTree = "<group>"; };
		9C05B434168CEB220054215E /* OptionalPropModel.m */ = {isa = PBXFileReference; fileEncoding = 4; lastKnownFileType = sourcecode.c.objc; path = OptionalPropModel.m; sourceTree = "<group>"; };
		9C05B435168CEB220054215E /* PostModel.h */ = {isa = PBXFileReference; fileEncoding = 4; lastKnownFileType = sourcecode.c.h; path = PostModel.h; sourceTree = "<group>"; };
		9C05B436168CEB220054215E /* PostModel.m */ = {isa = PBXFileReference; fileEncoding = 4; lastKnownFileType = sourcecode.c.objc; path = PostModel.m; sourceTree = "<group>"; };
		9C05B437168CEB220054215E /* PostsModel.h */ = {isa = PBXFileReference; fileEncoding = 4; lastKnownFileType = sourcecode.c.h; path = PostsModel.h; sourceTree = "<group>"; };
		9C05B438168CEB220054215E /* PostsModel.m */ = {isa = PBXFileReference; fileEncoding = 4; lastKnownFileType = sourcecode.c.objc; path = PostsModel.m; sourceTree = "<group>"; };
		9C05B439168CEB220054215E /* PrimitivesModel.h */ = {isa = PBXFileReference; fileEncoding = 4; lastKnownFileType = sourcecode.c.h; path = PrimitivesModel.h; sourceTree = "<group>"; };
		9C05B43A168CEB220054215E /* PrimitivesModel.m */ = {isa = PBXFileReference; fileEncoding = 4; lastKnownFileType = sourcecode.c.objc; path = PrimitivesModel.m; sourceTree = "<group>"; };
		9C05B43B168CEB220054215E /* ReposModel.h */ = {isa = PBXFileReference; fileEncoding = 4; lastKnownFileType = sourcecode.c.h; path = ReposModel.h; sourceTree = "<group>"; };
		9C05B43C168CEB220054215E /* ReposModel.m */ = {isa = PBXFileReference; fileEncoding = 4; lastKnownFileType = sourcecode.c.objc; path = ReposModel.m; sourceTree = "<group>"; };
		9C05B43D168CEB220054215E /* ValidationTestSuite.h */ = {isa = PBXFileReference; fileEncoding = 4; lastKnownFileType = sourcecode.c.h; path = ValidationTestSuite.h; sourceTree = "<group>"; };
		9C05B43E168CEB220054215E /* ValidationTestSuite.m */ = {isa = PBXFileReference; fileEncoding = 4; lastKnownFileType = sourcecode.c.objc; path = ValidationTestSuite.m; sourceTree = "<group>"; };
		9C08C1AD1749750100AA8CC9 /* CopyrightModel.h */ = {isa = PBXFileReference; fileEncoding = 4; lastKnownFileType = sourcecode.c.h; path = CopyrightModel.h; sourceTree = "<group>"; };
		9C08C1AE1749750100AA8CC9 /* CopyrightModel.m */ = {isa = PBXFileReference; fileEncoding = 4; lastKnownFileType = sourcecode.c.objc; path = CopyrightModel.m; sourceTree = "<group>"; };
		9C66DFDE168CF09A0015CCDF /* JSONModel.h */ = {isa = PBXFileReference; fileEncoding = 4; lastKnownFileType = sourcecode.c.h; lineEnding = 0; path = JSONModel.h; sourceTree = "<group>"; xcLanguageSpecificationIdentifier = xcode.lang.objcpp; };
		9C66DFDF168CF09A0015CCDF /* JSONModel.m */ = {isa = PBXFileReference; fileEncoding = 4; lastKnownFileType = sourcecode.c.objc; lineEnding = 0; path = JSONModel.m; sourceTree = "<group>"; xcLanguageSpecificationIdentifier = xcode.lang.objc; };
		9C66DFE0168CF09A0015CCDF /* JSONModelArray.h */ = {isa = PBXFileReference; fileEncoding = 4; lastKnownFileType = sourcecode.c.h; path = JSONModelArray.h; sourceTree = "<group>"; };
		9C66DFE1168CF09A0015CCDF /* JSONModelArray.m */ = {isa = PBXFileReference; fileEncoding = 4; lastKnownFileType = sourcecode.c.objc; lineEnding = 0; path = JSONModelArray.m; sourceTree = "<group>"; xcLanguageSpecificationIdentifier = xcode.lang.objc; };
		9C66DFE2168CF09A0015CCDF /* JSONModelClassProperty.h */ = {isa = PBXFileReference; fileEncoding = 4; lastKnownFileType = sourcecode.c.h; lineEnding = 0; path = JSONModelClassProperty.h; sourceTree = "<group>"; xcLanguageSpecificationIdentifier = xcode.lang.objcpp; };
		9C66DFE3168CF09A0015CCDF /* JSONModelClassProperty.m */ = {isa = PBXFileReference; fileEncoding = 4; lastKnownFileType = sourcecode.c.objc; lineEnding = 0; path = JSONModelClassProperty.m; sourceTree = "<group>"; xcLanguageSpecificationIdentifier = xcode.lang.objc; };
		9C66DFE4168CF09A0015CCDF /* JSONModelError.h */ = {isa = PBXFileReference; fileEncoding = 4; lastKnownFileType = sourcecode.c.h; lineEnding = 0; path = JSONModelError.h; sourceTree = "<group>"; xcLanguageSpecificationIdentifier = xcode.lang.objcpp; };
		9C66DFE5168CF09A0015CCDF /* JSONModelError.m */ = {isa = PBXFileReference; fileEncoding = 4; lastKnownFileType = sourcecode.c.objc; lineEnding = 0; path = JSONModelError.m; sourceTree = "<group>"; xcLanguageSpecificationIdentifier = xcode.lang.objc; };
		9C66DFE7168CF09A0015CCDF /* NSArray+JSONModel.h */ = {isa = PBXFileReference; fileEncoding = 4; lastKnownFileType = sourcecode.c.h; lineEnding = 0; path = "NSArray+JSONModel.h"; sourceTree = "<group>"; xcLanguageSpecificationIdentifier = xcode.lang.objcpp; };
		9C66DFE8168CF09A0015CCDF /* NSArray+JSONModel.m */ = {isa = PBXFileReference; fileEncoding = 4; lastKnownFileType = sourcecode.c.objc; lineEnding = 0; path = "NSArray+JSONModel.m"; sourceTree = "<group>"; xcLanguageSpecificationIdentifier = xcode.lang.objc; };
		9C66DFE9168CF09A0015CCDF /* JSONModelLib.h */ = {isa = PBXFileReference; fileEncoding = 4; lastKnownFileType = sourcecode.c.h; lineEnding = 0; path = JSONModelLib.h; sourceTree = "<group>"; xcLanguageSpecificationIdentifier = xcode.lang.objcpp; };
		9C66DFEB168CF09A0015CCDF /* JSONAPI.h */ = {isa = PBXFileReference; fileEncoding = 4; lastKnownFileType = sourcecode.c.h; lineEnding = 0; path = JSONAPI.h; sourceTree = "<group>"; xcLanguageSpecificationIdentifier = xcode.lang.objcpp; };
		9C66DFEC168CF09A0015CCDF /* JSONAPI.m */ = {isa = PBXFileReference; fileEncoding = 4; lastKnownFileType = sourcecode.c.objc; lineEnding = 0; path = JSONAPI.m; sourceTree = "<group>"; xcLanguageSpecificationIdentifier = xcode.lang.objc; };
		9C66DFED168CF09A0015CCDF /* JSONHTTPClient.h */ = {isa = PBXFileReference; fileEncoding = 4; lastKnownFileType = sourcecode.c.h; lineEnding = 0; path = JSONHTTPClient.h; sourceTree = "<group>"; xcLanguageSpecificationIdentifier = xcode.lang.objcpp; };
		9C66DFEE168CF09A0015CCDF /* JSONHTTPClient.m */ = {isa = PBXFileReference; fileEncoding = 4; lastKnownFileType = sourcecode.c.objc; lineEnding = 0; path = JSONHTTPClient.m; sourceTree = "<group>"; xcLanguageSpecificationIdentifier = xcode.lang.objc; };
		9C66DFEF168CF09A0015CCDF /* JSONModel+networking.h */ = {isa = PBXFileReference; fileEncoding = 4; lastKnownFileType = sourcecode.c.h; lineEnding = 0; path = "JSONModel+networking.h"; sourceTree = "<group>"; xcLanguageSpecificationIdentifier = xcode.lang.objcpp; };
		9C66DFF0168CF09A0015CCDF /* JSONModel+networking.m */ = {isa = PBXFileReference; fileEncoding = 4; lastKnownFileType = sourcecode.c.objc; lineEnding = 0; path = "JSONModel+networking.m"; sourceTree = "<group>"; xcLanguageSpecificationIdentifier = xcode.lang.objc; };
		9C66DFF2168CF09A0015CCDF /* JSONKeyMapper.h */ = {isa = PBXFileReference; fileEncoding = 4; lastKnownFileType = sourcecode.c.h; lineEnding = 0; path = JSONKeyMapper.h; sourceTree = "<group>"; xcLanguageSpecificationIdentifier = xcode.lang.objcpp; };
		9C66DFF3168CF09A0015CCDF /* JSONKeyMapper.m */ = {isa = PBXFileReference; fileEncoding = 4; lastKnownFileType = sourcecode.c.objc; lineEnding = 0; path = JSONKeyMapper.m; sourceTree = "<group>"; xcLanguageSpecificationIdentifier = xcode.lang.objc; };
		9C66DFF4168CF09A0015CCDF /* JSONValueTransformer.h */ = {isa = PBXFileReference; fileEncoding = 4; lastKnownFileType = sourcecode.c.h; lineEnding = 0; path = JSONValueTransformer.h; sourceTree = "<group>"; xcLanguageSpecificationIdentifier = xcode.lang.objcpp; };
		9C66DFF5168CF09A0015CCDF /* JSONValueTransformer.m */ = {isa = PBXFileReference; fileEncoding = 4; lastKnownFileType = sourcecode.c.objc; lineEnding = 0; path = JSONValueTransformer.m; sourceTree = "<group>"; xcLanguageSpecificationIdentifier = xcode.lang.objc; };
		9C6C35DB181CF7B500BEE72D /* nestedDataWithArrayError.json */ = {isa = PBXFileReference; fileEncoding = 4; lastKnownFileType = text.json; path = nestedDataWithArrayError.json; sourceTree = "<group>"; };
		9C6C35DC181CF7B500BEE72D /* nestedDataWithDictionaryError.json */ = {isa = PBXFileReference; fileEncoding = 4; lastKnownFileType = text.json; path = nestedDataWithDictionaryError.json; sourceTree = "<group>"; };
		9C6C35DD181CF7B500BEE72D /* nestedDataWithTypeMismatchOnImages.json */ = {isa = PBXFileReference; fileEncoding = 4; lastKnownFileType = text.json; path = nestedDataWithTypeMismatchOnImages.json; sourceTree = "<group>"; };
		9C6C35DE181CF7B500BEE72D /* nestedDataWithTypeMismatchOnImagesObject.json */ = {isa = PBXFileReference; fileEncoding = 4; lastKnownFileType = text.json; path = nestedDataWithTypeMismatchOnImagesObject.json; sourceTree = "<group>"; };
		9C72A49C171447F70047C6AE /* SystemConfiguration.framework */ = {isa = PBXFileReference; lastKnownFileType = wrapper.framework; name = SystemConfiguration.framework; path = System/Library/Frameworks/SystemConfiguration.framework; sourceTree = SDKROOT; };
		9C735D65170B717F00FF96F5 /* JSONAPITests.h */ = {isa = PBXFileReference; fileEncoding = 4; lastKnownFileType = sourcecode.c.h; path = JSONAPITests.h; sourceTree = "<group>"; };
		9C735D66170B717F00FF96F5 /* JSONAPITests.m */ = {isa = PBXFileReference; fileEncoding = 4; lastKnownFileType = sourcecode.c.objc; path = JSONAPITests.m; sourceTree = "<group>"; };
		9C735D6B170B7A2D00FF96F5 /* RpcRequestModel.h */ = {isa = PBXFileReference; fileEncoding = 4; lastKnownFileType = sourcecode.c.h; path = RpcRequestModel.h; sourceTree = "<group>"; };
		9C735D6C170B7A2D00FF96F5 /* RpcRequestModel.m */ = {isa = PBXFileReference; fileEncoding = 4; lastKnownFileType = sourcecode.c.objc; path = RpcRequestModel.m; sourceTree = "<group>"; };
		9C735D71170C048C00FF96F5 /* InitFromWebTests.h */ = {isa = PBXFileReference; fileEncoding = 4; lastKnownFileType = sourcecode.c.h; path = InitFromWebTests.h; sourceTree = "<group>"; };
		9C735D72170C048C00FF96F5 /* InitFromWebTests.m */ = {isa = PBXFileReference; fileEncoding = 4; lastKnownFileType = sourcecode.c.objc; path = InitFromWebTests.m; sourceTree = "<group>"; };
		9C97441B168CF255004DA333 /* Cocoa.framework */ = {isa = PBXFileReference; lastKnownFileType = wrapper.framework; name = Cocoa.framework; path = System/Library/Frameworks/Cocoa.framework; sourceTree = SDKROOT; };
		9C97441D168CF264004DA333 /* Cocoa.framework */ = {isa = PBXFileReference; lastKnownFileType = wrapper.framework; name = Cocoa.framework; path = /System/Library/Frameworks/Cocoa.framework; sourceTree = "<absolute>"; };
		9CB6BC22168DE35E0002535B /* VideoLink.h */ = {isa = PBXFileReference; fileEncoding = 4; lastKnownFileType = sourcecode.c.h; name = VideoLink.h; path = JSONModelDemo_iOS/VideoLink.h; sourceTree = SOURCE_ROOT; };
		9CB6BC23168DE35E0002535B /* VideoLink.m */ = {isa = PBXFileReference; fileEncoding = 4; lastKnownFileType = sourcecode.c.objc; name = VideoLink.m; path = JSONModelDemo_iOS/VideoLink.m; sourceTree = SOURCE_ROOT; };
		9CB6BC24168DE35E0002535B /* VideoModel.h */ = {isa = PBXFileReference; fileEncoding = 4; lastKnownFileType = sourcecode.c.h; name = VideoModel.h; path = JSONModelDemo_iOS/VideoModel.h; sourceTree = SOURCE_ROOT; };
		9CB6BC25168DE35E0002535B /* VideoModel.m */ = {isa = PBXFileReference; fileEncoding = 4; lastKnownFileType = sourcecode.c.objc; name = VideoModel.m; path = JSONModelDemo_iOS/VideoModel.m; sourceTree = SOURCE_ROOT; };
		9CB6BC26168DE35E0002535B /* VideoTitle.h */ = {isa = PBXFileReference; fileEncoding = 4; lastKnownFileType = sourcecode.c.h; name = VideoTitle.h; path = JSONModelDemo_iOS/VideoTitle.h; sourceTree = SOURCE_ROOT; };
		9CB6BC27168DE35E0002535B /* VideoTitle.m */ = {isa = PBXFileReference; fileEncoding = 4; lastKnownFileType = sourcecode.c.objc; name = VideoTitle.m; path = JSONModelDemo_iOS/VideoTitle.m; sourceTree = SOURCE_ROOT; };
		9CB6BC2C168E07730002535B /* GitHubUserModel.h */ = {isa = PBXFileReference; fileEncoding = 4; lastKnownFileType = sourcecode.c.h; name = GitHubUserModel.h; path = JSONModelDemo_iOS/GitHubUserModel.h; sourceTree = SOURCE_ROOT; };
		9CB6BC2D168E07730002535B /* GitHubUserModel.m */ = {isa = PBXFileReference; fileEncoding = 4; lastKnownFileType = sourcecode.c.objc; name = GitHubUserModel.m; path = JSONModelDemo_iOS/GitHubUserModel.m; sourceTree = SOURCE_ROOT; };
		9CBD6D5118FF2FDD00DE66EC /* XCTest.framework */ = {isa = PBXFileReference; lastKnownFileType = wrapper.framework; name = XCTest.framework; path = Library/Frameworks/XCTest.framework; sourceTree = DEVELOPER_DIR; };
		9CC27C8D1689B7BE008B5411 /* JSONModelDemo_OSX.app */ = {isa = PBXFileReference; explicitFileType = wrapper.application; includeInIndex = 0; path = JSONModelDemo_OSX.app; sourceTree = BUILT_PRODUCTS_DIR; };
		9CC27C941689B7BE008B5411 /* AppKit.framework */ = {isa = PBXFileReference; lastKnownFileType = wrapper.framework; name = AppKit.framework; path = System/Library/Frameworks/AppKit.framework; sourceTree = SDKROOT; };
		9CC27C951689B7BE008B5411 /* CoreData.framework */ = {isa = PBXFileReference; lastKnownFileType = wrapper.framework; name = CoreData.framework; path = System/Library/Frameworks/CoreData.framework; sourceTree = SDKROOT; };
		9CC27C961689B7BE008B5411 /* Foundation.framework */ = {isa = PBXFileReference; lastKnownFileType = wrapper.framework; name = Foundation.framework; path = System/Library/Frameworks/Foundation.framework; sourceTree = SDKROOT; };
		9CC27C991689B7BE008B5411 /* JSONModelDemo_OSX-Info.plist */ = {isa = PBXFileReference; lastKnownFileType = text.plist.xml; path = "JSONModelDemo_OSX-Info.plist"; sourceTree = "<group>"; };
		9CC27C9B1689B7BE008B5411 /* en */ = {isa = PBXFileReference; lastKnownFileType = text.plist.strings; name = en; path = en.lproj/InfoPlist.strings; sourceTree = "<group>"; };
		9CC27C9D1689B7BE008B5411 /* main.m */ = {isa = PBXFileReference; lastKnownFileType = sourcecode.c.objc; path = main.m; sourceTree = "<group>"; };
		9CC27C9F1689B7BE008B5411 /* JSONModelDemo_OSX-Prefix.pch */ = {isa = PBXFileReference; lastKnownFileType = sourcecode.c.h; path = "JSONModelDemo_OSX-Prefix.pch"; sourceTree = "<group>"; };
		9CC27CA11689B7BE008B5411 /* en */ = {isa = PBXFileReference; lastKnownFileType = text.rtf; name = en; path = en.lproj/Credits.rtf; sourceTree = "<group>"; };
		9CC27CA31689B7BE008B5411 /* AppDelegate.h */ = {isa = PBXFileReference; lastKnownFileType = sourcecode.c.h; path = AppDelegate.h; sourceTree = "<group>"; };
		9CC27CA41689B7BE008B5411 /* AppDelegate.m */ = {isa = PBXFileReference; lastKnownFileType = sourcecode.c.objc; path = AppDelegate.m; sourceTree = "<group>"; };
		9CC27CA71689B7BE008B5411 /* en */ = {isa = PBXFileReference; lastKnownFileType = file.xib; name = en; path = en.lproj/MainMenu.xib; sourceTree = "<group>"; };
		9CC27CAF1689B7BE008B5411 /* SenTestingKit.framework */ = {isa = PBXFileReference; lastKnownFileType = wrapper.framework; name = SenTestingKit.framework; path = Library/Frameworks/SenTestingKit.framework; sourceTree = DEVELOPER_DIR; };
		9CC27CCA1689B92A008B5411 /* ViewController.h */ = {isa = PBXFileReference; fileEncoding = 4; lastKnownFileType = sourcecode.c.h; path = ViewController.h; sourceTree = "<group>"; };
		9CC27CCB1689B92A008B5411 /* ViewController.m */ = {isa = PBXFileReference; fileEncoding = 4; lastKnownFileType = sourcecode.c.objc; path = ViewController.m; sourceTree = "<group>"; };
		9CC27CCC1689B92A008B5411 /* ViewController.xib */ = {isa = PBXFileReference; fileEncoding = 4; lastKnownFileType = file.xib; path = ViewController.xib; sourceTree = "<group>"; };
		9CC2FCB3168CE7340059FE67 /* KivaFeed.h */ = {isa = PBXFileReference; fileEncoding = 4; lastKnownFileType = sourcecode.c.h; path = KivaFeed.h; sourceTree = "<group>"; };
		9CC2FCB4168CE7340059FE67 /* KivaFeed.m */ = {isa = PBXFileReference; fileEncoding = 4; lastKnownFileType = sourcecode.c.objc; path = KivaFeed.m; sourceTree = "<group>"; };
		9CC2FCB5168CE7340059FE67 /* LoanModel.h */ = {isa = PBXFileReference; fileEncoding = 4; lastKnownFileType = sourcecode.c.h; path = LoanModel.h; sourceTree = "<group>"; };
		9CC2FCB6168CE7340059FE67 /* LoanModel.m */ = {isa = PBXFileReference; fileEncoding = 4; lastKnownFileType = sourcecode.c.objc; path = LoanModel.m; sourceTree = "<group>"; };
		9CC2FCB7168CE7340059FE67 /* LocationModel.h */ = {isa = PBXFileReference; fileEncoding = 4; lastKnownFileType = sourcecode.c.h; path = LocationModel.h; sourceTree = "<group>"; };
		9CC2FCB8168CE7340059FE67 /* LocationModel.m */ = {isa = PBXFileReference; fileEncoding = 4; lastKnownFileType = sourcecode.c.objc; path = LocationModel.m; sourceTree = "<group>"; };
		9CD425841702224F00A42AA1 /* HTTPClientSuite.h */ = {isa = PBXFileReference; fileEncoding = 4; lastKnownFileType = sourcecode.c.h; path = HTTPClientSuite.h; sourceTree = "<group>"; };
		9CD425851702224F00A42AA1 /* HTTPClientSuite.m */ = {isa = PBXFileReference; fileEncoding = 4; lastKnownFileType = sourcecode.c.objc; path = HTTPClientSuite.m; sourceTree = "<group>"; };
		9CD42587170222AF00A42AA1 /* MockNSURLConnection.h */ = {isa = PBXFileReference; fileEncoding = 4; lastKnownFileType = sourcecode.c.h; name = MockNSURLConnection.h; path = JSONModelDemoTests/MockNSURLConnection.h; sourceTree = SOURCE_ROOT; };
		9CD42588170222AF00A42AA1 /* MockNSURLConnection.m */ = {isa = PBXFileReference; fileEncoding = 4; lastKnownFileType = sourcecode.c.objc; name = MockNSURLConnection.m; path = JSONModelDemoTests/MockNSURLConnection.m; sourceTree = SOURCE_ROOT; };
		9CD42589170222AF00A42AA1 /* MTTestSemaphor.h */ = {isa = PBXFileReference; fileEncoding = 4; lastKnownFileType = sourcecode.c.h; name = MTTestSemaphor.h; path = JSONModelDemoTests/MTTestSemaphor.h; sourceTree = SOURCE_ROOT; };
		9CD4258A170222AF00A42AA1 /* MTTestSemaphor.m */ = {isa = PBXFileReference; fileEncoding = 4; lastKnownFileType = sourcecode.c.objc; name = MTTestSemaphor.m; path = JSONModelDemoTests/MTTestSemaphor.m; sourceTree = SOURCE_ROOT; };
		9CFDD0A2176E9742007B7DFA /* EnumModel.h */ = {isa = PBXFileReference; fileEncoding = 4; lastKnownFileType = sourcecode.c.h; path = EnumModel.h; sourceTree = "<group>"; };
		9CFDD0A3176E9742007B7DFA /* EnumModel.m */ = {isa = PBXFileReference; fileEncoding = 4; lastKnownFileType = sourcecode.c.objc; path = EnumModel.m; sourceTree = "<group>"; };
		D5F918E1172AD8CF00AC2C8E /* specialPropertyName.json */ = {isa = PBXFileReference; lastKnownFileType = text.json; path = specialPropertyName.json; sourceTree = "<group>"; };
		D5F918E9172ADA3F00AC2C8E /* SpecialPropertyModel.h */ = {isa = PBXFileReference; fileEncoding = 4; lastKnownFileType = sourcecode.c.h; path = SpecialPropertyModel.h; sourceTree = "<group>"; };
		D5F918EA172ADA3F00AC2C8E /* SpecialPropertyModel.m */ = {isa = PBXFileReference; fileEncoding = 4; lastKnownFileType = sourcecode.c.objc; path = SpecialPropertyModel.m; sourceTree = "<group>"; };
		D5F918EC172ADAF800AC2C8E /* SpecialPropertyNameTests.h */ = {isa = PBXFileReference; fileEncoding = 4; lastKnownFileType = sourcecode.c.h; path = SpecialPropertyNameTests.h; sourceTree = "<group>"; };
		D5F918ED172ADAF800AC2C8E /* SpecialPropertyNameTests.m */ = {isa = PBXFileReference; fileEncoding = 4; lastKnownFileType = sourcecode.c.objc; path = SpecialPropertyNameTests.m; sourceTree = "<group>"; };
/* End PBXFileReference section */

/* Begin PBXFrameworksBuildPhase section */
		9C05B2A4168CE9600054215E /* Frameworks */ = {
			isa = PBXFrameworksBuildPhase;
			buildActionMask = 2147483647;
			files = (
				9CD22C8618FF32F7003E66AD /* XCTest.framework in Frameworks */,
				9C97441E168CF264004DA333 /* Cocoa.framework in Frameworks */,
			);
			runOnlyForDeploymentPostprocessing = 0;
		};
		9CC27C8A1689B7BE008B5411 /* Frameworks */ = {
			isa = PBXFrameworksBuildPhase;
			buildActionMask = 2147483647;
			files = (
				9C72A49D171447F70047C6AE /* SystemConfiguration.framework in Frameworks */,
				9C97441C168CF255004DA333 /* Cocoa.framework in Frameworks */,
			);
			runOnlyForDeploymentPostprocessing = 0;
		};
/* End PBXFrameworksBuildPhase section */

/* Begin PBXGroup section */
		9C05B2AE168CE9600054215E /* JSONModelDemoTests */ = {
			isa = PBXGroup;
			children = (
				9C05B3F5168CEB220054215E /* UnitTests */,
				9C05B2AF168CE9600054215E /* Supporting Files */,
			);
			path = JSONModelDemoTests;
			sourceTree = "<group>";
		};
		9C05B2AF168CE9600054215E /* Supporting Files */ = {
			isa = PBXGroup;
			children = (
				9C05B2B0168CE9600054215E /* JSONModelDemoTests-Info.plist */,
				9C05B2B7168CE9600054215E /* JSONModelDemoTests-Prefix.pch */,
			);
			name = "Supporting Files";
			sourceTree = "<group>";
		};
		9C05B3F5168CEB220054215E /* UnitTests */ = {
			isa = PBXGroup;
			children = (
				9CD4257D1702220300A42AA1 /* Class */,
				9C05B3FE168CEB220054215E /* DataFiles */,
				9C05B420168CEB220054215E /* TestModels */,
				9C05B3F6168CEB220054215E /* ArrayTests.h */,
				9C05B3F7168CEB220054215E /* ArrayTests.m */,
				9C05B3F8168CEB220054215E /* BuiltInConversionsTests.h */,
				9C05B3F9168CEB220054215E /* BuiltInConversionsTests.m */,
				9C05B3FC168CEB220054215E /* CustomPropsTests.h */,
				9C05B3FD168CEB220054215E /* CustomPropsTests.m */,
				9C05B40A168CEB220054215E /* IdPropertyTests.h */,
				9C05B40B168CEB220054215E /* IdPropertyTests.m */,
				9C05B40C168CEB220054215E /* JSONTypesModelWithValidation1.h */,
				9C05B40D168CEB220054215E /* JSONTypesModelWithValidation1.m */,
				9C05B40E168CEB220054215E /* JSONTypesModelWithValidation2.h */,
				9C05B40F168CEB220054215E /* JSONTypesModelWithValidation2.m */,
				9C05B410168CEB220054215E /* JSONTypesReadTests.h */,
				9C05B411168CEB220054215E /* JSONTypesReadTests.m */,
				9C05B412168CEB220054215E /* JSONValueTransformer+UIColor.h */,
				9C05B413168CEB220054215E /* JSONValueTransformer+UIColor.m */,
				9C05B414168CEB220054215E /* KeyMappingTests.h */,
				9C05B415168CEB220054215E /* KeyMappingTests.m */,
				9C05B416168CEB220054215E /* NestedModelsTests.h */,
				9C05B417168CEB220054215E /* NestedModelsTests.m */,
				9C05B418168CEB220054215E /* OptionalPropertiesTests.h */,
				9C05B419168CEB220054215E /* OptionalPropertiesTests.m */,
				9C05B41A168CEB220054215E /* PersistTests.h */,
				9C05B41B168CEB220054215E /* PersistTests.m */,
				9C05B41C168CEB220054215E /* PrimitiveTypesReadTests.h */,
				9C05B41D168CEB220054215E /* PrimitiveTypesReadTests.m */,
				9C05B41E168CEB220054215E /* SimpleDataErrorTests.h */,
				9C05B41F168CEB220054215E /* SimpleDataErrorTests.m */,
				D5F918EC172ADAF800AC2C8E /* SpecialPropertyNameTests.h */,
				D5F918ED172ADAF800AC2C8E /* SpecialPropertyNameTests.m */,
				9C05B420168CEB220054215E /* TestModels */,
				9C05B43D168CEB220054215E /* ValidationTestSuite.h */,
				9C05B43E168CEB220054215E /* ValidationTestSuite.m */,
				9CD425841702224F00A42AA1 /* HTTPClientSuite.h */,
				9CD425851702224F00A42AA1 /* HTTPClientSuite.m */,
				9C735D65170B717F00FF96F5 /* JSONAPITests.h */,
				9C735D66170B717F00FF96F5 /* JSONAPITests.m */,
				9C735D71170C048C00FF96F5 /* InitFromWebTests.h */,
				9C735D72170C048C00FF96F5 /* InitFromWebTests.m */,
			);
			path = UnitTests;
			sourceTree = "<group>";
		};
		9C05B3FE168CEB220054215E /* DataFiles */ = {
			isa = PBXGroup;
			children = (
				9C05B3FF168CEB220054215E /* colors.json */,
				9C05B400168CEB220054215E /* converts.json */,
				9C05B401168CEB220054215E /* github-iphone.json */,
				9C05B402168CEB220054215E /* jsonTypes.json */,
				9C05B403168CEB220054215E /* nestedData.json */,
				9C6C35DB181CF7B500BEE72D /* nestedDataWithArrayError.json */,
				9C6C35DC181CF7B500BEE72D /* nestedDataWithDictionaryError.json */,
				9C6C35DD181CF7B500BEE72D /* nestedDataWithTypeMismatchOnImages.json */,
				9C6C35DE181CF7B500BEE72D /* nestedDataWithTypeMismatchOnImagesObject.json */,
				9C05B405168CEB220054215E /* post.json */,
				9C05B406168CEB220054215E /* primitives.json */,
				9C05B407168CEB220054215E /* primitivesWithErrors.json */,
				D5F918E1172AD8CF00AC2C8E /* specialPropertyName.json */,
				9C05B408168CEB220054215E /* withOptProp.json */,
				9C05B409168CEB220054215E /* withoutOptProp.json */,
			);
			path = DataFiles;
			sourceTree = "<group>";
		};
		9C05B420168CEB220054215E /* TestModels */ = {
			isa = PBXGroup;
			children = (
				9CFDD0A2176E9742007B7DFA /* EnumModel.h */,
				9CFDD0A3176E9742007B7DFA /* EnumModel.m */,
				9C08C1AD1749750100AA8CC9 /* CopyrightModel.h */,
				9C08C1AE1749750100AA8CC9 /* CopyrightModel.m */,
				9C05B421168CEB220054215E /* BuiltInConversionsModel.h */,
				9C05B422168CEB220054215E /* BuiltInConversionsModel.m */,
				9C05B423168CEB220054215E /* CustomPropertyModel.h */,
				9C05B424168CEB220054215E /* CustomPropertyModel.m */,
				9C05B425168CEB220054215E /* GitHubKeyMapRepoModel.h */,
				9C05B426168CEB220054215E /* GitHubKeyMapRepoModel.m */,
				9C05B427168CEB220054215E /* GitHubKeyMapRepoModelDict.h */,
				9C05B428168CEB220054215E /* GitHubKeyMapRepoModelDict.m */,
				9C05B429168CEB220054215E /* GitHubRepoModel.h */,
				9C05B42A168CEB220054215E /* GitHubRepoModel.m */,
				9C05B42B168CEB220054215E /* GitHubRepoModelForUSMapper.h */,
				9C05B42C168CEB220054215E /* GitHubRepoModelForUSMapper.m */,
				1C008FE318B7AE54002DFD3A /* ModelForUpperCaseMapper.h */,
				1C008FE418B7AE54002DFD3A /* ModelForUpperCaseMapper.m */,
				9C05B42D168CEB220054215E /* ImageModel.h */,
				9C05B42E168CEB220054215E /* ImageModel.m */,
				9C05B42F168CEB220054215E /* JSONTypesModel.h */,
				9C05B430168CEB220054215E /* JSONTypesModel.m */,
				9C05B431168CEB220054215E /* NestedModel.h */,
				9C05B432168CEB220054215E /* NestedModel.m */,
				9C05B433168CEB220054215E /* OptionalPropModel.h */,
				9C05B434168CEB220054215E /* OptionalPropModel.m */,
				9C05B435168CEB220054215E /* PostModel.h */,
				9C05B436168CEB220054215E /* PostModel.m */,
				9C05B437168CEB220054215E /* PostsModel.h */,
				9C05B438168CEB220054215E /* PostsModel.m */,
				9C05B439168CEB220054215E /* PrimitivesModel.h */,
				9C05B43A168CEB220054215E /* PrimitivesModel.m */,
				9C05B43B168CEB220054215E /* ReposModel.h */,
				9C05B43C168CEB220054215E /* ReposModel.m */,
				D5F918E9172ADA3F00AC2C8E /* SpecialPropertyModel.h */,
				D5F918EA172ADA3F00AC2C8E /* SpecialPropertyModel.m */,
				9C735D6B170B7A2D00FF96F5 /* RpcRequestModel.h */,
				9C735D6C170B7A2D00FF96F5 /* RpcRequestModel.m */,
			);
			path = TestModels;
			sourceTree = "<group>";
		};
		9C66DFDC168CF09A0015CCDF /* JSONModel */ = {
			isa = PBXGroup;
			children = (
				9C66DFDD168CF09A0015CCDF /* JSONModel */,
				9C66DFE6168CF09A0015CCDF /* JSONModelCategories */,
				9C66DFE9168CF09A0015CCDF /* JSONModelLib.h */,
				9C66DFEA168CF09A0015CCDF /* JSONModelNetworking */,
				9C66DFF1168CF09A0015CCDF /* JSONModelTransformations */,
			);
			path = JSONModel;
			sourceTree = "<group>";
		};
		9C66DFDD168CF09A0015CCDF /* JSONModel */ = {
			isa = PBXGroup;
			children = (
				9C66DFDE168CF09A0015CCDF /* JSONModel.h */,
				9C66DFDF168CF09A0015CCDF /* JSONModel.m */,
				9C66DFE0168CF09A0015CCDF /* JSONModelArray.h */,
				9C66DFE1168CF09A0015CCDF /* JSONModelArray.m */,
				9C66DFE2168CF09A0015CCDF /* JSONModelClassProperty.h */,
				9C66DFE3168CF09A0015CCDF /* JSONModelClassProperty.m */,
				9C66DFE4168CF09A0015CCDF /* JSONModelError.h */,
				9C66DFE5168CF09A0015CCDF /* JSONModelError.m */,
			);
			path = JSONModel;
			sourceTree = "<group>";
		};
		9C66DFE6168CF09A0015CCDF /* JSONModelCategories */ = {
			isa = PBXGroup;
			children = (
				9C66DFE7168CF09A0015CCDF /* NSArray+JSONModel.h */,
				9C66DFE8168CF09A0015CCDF /* NSArray+JSONModel.m */,
			);
			path = JSONModelCategories;
			sourceTree = "<group>";
		};
		9C66DFEA168CF09A0015CCDF /* JSONModelNetworking */ = {
			isa = PBXGroup;
			children = (
				9C66DFEB168CF09A0015CCDF /* JSONAPI.h */,
				9C66DFEC168CF09A0015CCDF /* JSONAPI.m */,
				9C66DFED168CF09A0015CCDF /* JSONHTTPClient.h */,
				9C66DFEE168CF09A0015CCDF /* JSONHTTPClient.m */,
				9C66DFEF168CF09A0015CCDF /* JSONModel+networking.h */,
				9C66DFF0168CF09A0015CCDF /* JSONModel+networking.m */,
			);
			path = JSONModelNetworking;
			sourceTree = "<group>";
		};
		9C66DFF1168CF09A0015CCDF /* JSONModelTransformations */ = {
			isa = PBXGroup;
			children = (
				9C66DFF2168CF09A0015CCDF /* JSONKeyMapper.h */,
				9C66DFF3168CF09A0015CCDF /* JSONKeyMapper.m */,
				9C66DFF4168CF09A0015CCDF /* JSONValueTransformer.h */,
				9C66DFF5168CF09A0015CCDF /* JSONValueTransformer.m */,
			);
			path = JSONModelTransformations;
			sourceTree = "<group>";
		};
		9CB6BC21168DE3250002535B /* YoutubeDemo */ = {
			isa = PBXGroup;
			children = (
				9CB6BC22168DE35E0002535B /* VideoLink.h */,
				9CB6BC23168DE35E0002535B /* VideoLink.m */,
				9CB6BC24168DE35E0002535B /* VideoModel.h */,
				9CB6BC25168DE35E0002535B /* VideoModel.m */,
				9CB6BC26168DE35E0002535B /* VideoTitle.h */,
				9CB6BC27168DE35E0002535B /* VideoTitle.m */,
			);
			name = YoutubeDemo;
			sourceTree = "<group>";
		};
		9CB6BC2B168E07640002535B /* GithubDemo */ = {
			isa = PBXGroup;
			children = (
				9CB6BC2C168E07730002535B /* GitHubUserModel.h */,
				9CB6BC2D168E07730002535B /* GitHubUserModel.m */,
			);
			name = GithubDemo;
			sourceTree = "<group>";
		};
		9CC27C821689B7BE008B5411 = {
			isa = PBXGroup;
			children = (
				9C66DFDC168CF09A0015CCDF /* JSONModel */,
				9CC27C971689B7BE008B5411 /* JSONModelDemo_OSX */,
				9C05B2AE168CE9600054215E /* JSONModelDemoTests */,
				9CC27C901689B7BE008B5411 /* Frameworks */,
				9CC27C8E1689B7BE008B5411 /* Products */,
			);
			sourceTree = "<group>";
		};
		9CC27C8E1689B7BE008B5411 /* Products */ = {
			isa = PBXGroup;
			children = (
				9CC27C8D1689B7BE008B5411 /* JSONModelDemo_OSX.app */,
				9C05B2A8168CE9600054215E /* JSONModelDemoTests.xctest */,
			);
			name = Products;
			sourceTree = "<group>";
		};
		9CC27C901689B7BE008B5411 /* Frameworks */ = {
			isa = PBXGroup;
			children = (
				9CBD6D5118FF2FDD00DE66EC /* XCTest.framework */,
				9C72A49C171447F70047C6AE /* SystemConfiguration.framework */,
				9C97441D168CF264004DA333 /* Cocoa.framework */,
				9C97441B168CF255004DA333 /* Cocoa.framework */,
				9CC27CAF1689B7BE008B5411 /* SenTestingKit.framework */,
				9CC27C931689B7BE008B5411 /* Other Frameworks */,
			);
			name = Frameworks;
			sourceTree = "<group>";
		};
		9CC27C931689B7BE008B5411 /* Other Frameworks */ = {
			isa = PBXGroup;
			children = (
				9CC27C941689B7BE008B5411 /* AppKit.framework */,
				9CC27C951689B7BE008B5411 /* CoreData.framework */,
				9CC27C961689B7BE008B5411 /* Foundation.framework */,
			);
			name = "Other Frameworks";
			sourceTree = "<group>";
		};
		9CC27C971689B7BE008B5411 /* JSONModelDemo_OSX */ = {
			isa = PBXGroup;
			children = (
				9CC2FCB2168CE6F00059FE67 /* DemoApp */,
			);
			name = JSONModelDemo_OSX;
			path = JSONModelOSX;
			sourceTree = "<group>";
		};
		9CC27C981689B7BE008B5411 /* Supporting Files */ = {
			isa = PBXGroup;
			children = (
				9CC27C991689B7BE008B5411 /* JSONModelDemo_OSX-Info.plist */,
				9CC27C9A1689B7BE008B5411 /* InfoPlist.strings */,
				9CC27C9D1689B7BE008B5411 /* main.m */,
				9CC27C9F1689B7BE008B5411 /* JSONModelDemo_OSX-Prefix.pch */,
				9CC27CA01689B7BE008B5411 /* Credits.rtf */,
			);
			name = "Supporting Files";
			sourceTree = "<group>";
		};
		9CC27CC91689B8EE008B5411 /* ViewController */ = {
			isa = PBXGroup;
			children = (
				9CC27CCA1689B92A008B5411 /* ViewController.h */,
				9CC27CCB1689B92A008B5411 /* ViewController.m */,
				9CC27CCC1689B92A008B5411 /* ViewController.xib */,
			);
			name = ViewController;
			sourceTree = "<group>";
		};
		9CC2FCB1168CE6E60059FE67 /* KivaDemo */ = {
			isa = PBXGroup;
			children = (
				9CC2FCB3168CE7340059FE67 /* KivaFeed.h */,
				9CC2FCB4168CE7340059FE67 /* KivaFeed.m */,
				9CC2FCB5168CE7340059FE67 /* LoanModel.h */,
				9CC2FCB6168CE7340059FE67 /* LoanModel.m */,
				9CC2FCB7168CE7340059FE67 /* LocationModel.h */,
				9CC2FCB8168CE7340059FE67 /* LocationModel.m */,
			);
			name = KivaDemo;
			sourceTree = "<group>";
		};
		9CC2FCB2168CE6F00059FE67 /* DemoApp */ = {
			isa = PBXGroup;
			children = (
				9CB6BC2B168E07640002535B /* GithubDemo */,
				9CB6BC21168DE3250002535B /* YoutubeDemo */,
				9CC2FCB1168CE6E60059FE67 /* KivaDemo */,
				9CC27CC91689B8EE008B5411 /* ViewController */,
				9CC27CA31689B7BE008B5411 /* AppDelegate.h */,
				9CC27CA41689B7BE008B5411 /* AppDelegate.m */,
				9CC27CA61689B7BE008B5411 /* MainMenu.xib */,
				9CC27C981689B7BE008B5411 /* Supporting Files */,
			);
			name = DemoApp;
			sourceTree = "<group>";
		};
		9CD4257D1702220300A42AA1 /* Class */ = {
			isa = PBXGroup;
			children = (
				9CD42587170222AF00A42AA1 /* MockNSURLConnection.h */,
				9CD42588170222AF00A42AA1 /* MockNSURLConnection.m */,
				9CD42589170222AF00A42AA1 /* MTTestSemaphor.h */,
				9CD4258A170222AF00A42AA1 /* MTTestSemaphor.m */,
			);
			name = Class;
			sourceTree = "<group>";
		};
/* End PBXGroup section */

/* Begin PBXNativeTarget section */
		9C05B2A7168CE9600054215E /* JSONModelDemoTests */ = {
			isa = PBXNativeTarget;
			buildConfigurationList = 9C05B2B8168CE9600054215E /* Build configuration list for PBXNativeTarget "JSONModelDemoTests" */;
			buildPhases = (
				9C05B2A3168CE9600054215E /* Sources */,
				9C05B2A4168CE9600054215E /* Frameworks */,
				9C05B2A5168CE9600054215E /* Resources */,
			);
			buildRules = (
			);
			dependencies = (
			);
			name = JSONModelDemoTests;
			productName = JSONModelDemoTests;
			productReference = 9C05B2A8168CE9600054215E /* JSONModelDemoTests.xctest */;
			productType = "com.apple.product-type.bundle";
		};
		9CC27C8C1689B7BE008B5411 /* JSONModelDemo_OSX */ = {
			isa = PBXNativeTarget;
			buildConfigurationList = 9CC27CBF1689B7BE008B5411 /* Build configuration list for PBXNativeTarget "JSONModelDemo_OSX" */;
			buildPhases = (
				9CC27C891689B7BE008B5411 /* Sources */,
				9CC27C8A1689B7BE008B5411 /* Frameworks */,
				9CC27C8B1689B7BE008B5411 /* Resources */,
			);
			buildRules = (
			);
			dependencies = (
			);
			name = JSONModelDemo_OSX;
			productName = JSONModelOSX;
			productReference = 9CC27C8D1689B7BE008B5411 /* JSONModelDemo_OSX.app */;
			productType = "com.apple.product-type.application";
		};
/* End PBXNativeTarget section */

/* Begin PBXProject section */
		9CC27C841689B7BE008B5411 /* Project object */ = {
			isa = PBXProject;
			attributes = {
				LastUpgradeCheck = 0460;
				ORGANIZATIONNAME = "Underplot ltd.";
				TargetAttributes = {
					9C05B2A7168CE9600054215E = {
						TestTargetID = 9CC27C8C1689B7BE008B5411;
					};
				};
			};
			buildConfigurationList = 9CC27C871689B7BE008B5411 /* Build configuration list for PBXProject "JSONModelDemo_OSX" */;
			compatibilityVersion = "Xcode 3.2";
			developmentRegion = English;
			hasScannedForEncodings = 0;
			knownRegions = (
				en,
			);
			mainGroup = 9CC27C821689B7BE008B5411;
			productRefGroup = 9CC27C8E1689B7BE008B5411 /* Products */;
			projectDirPath = "";
			projectRoot = "";
			targets = (
				9CC27C8C1689B7BE008B5411 /* JSONModelDemo_OSX */,
				9C05B2A7168CE9600054215E /* JSONModelDemoTests */,
			);
		};
/* End PBXProject section */

/* Begin PBXResourcesBuildPhase section */
		9C05B2A5168CE9600054215E /* Resources */ = {
			isa = PBXResourcesBuildPhase;
			buildActionMask = 2147483647;
			files = (
				9C6C35E0181CF7B500BEE72D /* nestedDataWithDictionaryError.json in Resources */,
				9C05B443168CEB220054215E /* colors.json in Resources */,
				9C05B444168CEB220054215E /* converts.json in Resources */,
				9C05B445168CEB220054215E /* github-iphone.json in Resources */,
				9C6C35DF181CF7B500BEE72D /* nestedDataWithArrayError.json in Resources */,
				9C05B446168CEB220054215E /* jsonTypes.json in Resources */,
				9C6C35E2181CF7B500BEE72D /* nestedDataWithTypeMismatchOnImagesObject.json in Resources */,
				9C05B447168CEB220054215E /* nestedData.json in Resources */,
				9C05B449168CEB220054215E /* post.json in Resources */,
				9C05B44A168CEB220054215E /* primitives.json in Resources */,
				9C05B44B168CEB220054215E /* primitivesWithErrors.json in Resources */,
				D5F918E5172AD99600AC2C8E /* specialPropertyName.json in Resources */,
				9C6C35E1181CF7B500BEE72D /* nestedDataWithTypeMismatchOnImages.json in Resources */,
				9C05B44C168CEB220054215E /* withOptProp.json in Resources */,
				9C05B44D168CEB220054215E /* withoutOptProp.json in Resources */,
			);
			runOnlyForDeploymentPostprocessing = 0;
		};
		9CC27C8B1689B7BE008B5411 /* Resources */ = {
			isa = PBXResourcesBuildPhase;
			buildActionMask = 2147483647;
			files = (
				9CC27C9C1689B7BE008B5411 /* InfoPlist.strings in Resources */,
				9CC27CA21689B7BE008B5411 /* Credits.rtf in Resources */,
				9CC27CA81689B7BE008B5411 /* MainMenu.xib in Resources */,
				9CC27CCE1689B92A008B5411 /* ViewController.xib in Resources */,
				9C66DF47168CEECF0015CCDF /* colors.json in Resources */,
				9C66DF48168CEECF0015CCDF /* converts.json in Resources */,
				9C66DF49168CEECF0015CCDF /* github-iphone.json in Resources */,
				9C66DF4A168CEECF0015CCDF /* jsonTypes.json in Resources */,
				9C66DF4B168CEECF0015CCDF /* nestedData.json in Resources */,
				9C66DF4D168CEECF0015CCDF /* post.json in Resources */,
				9C66DF4E168CEECF0015CCDF /* primitives.json in Resources */,
				9C66DF4F168CEECF0015CCDF /* primitivesWithErrors.json in Resources */,
				D5F918EF172ADC2400AC2C8E /* specialPropertyName.json in Resources */,
				9C66DF50168CEECF0015CCDF /* withOptProp.json in Resources */,
				9C66DF51168CEECF0015CCDF /* withoutOptProp.json in Resources */,
			);
			runOnlyForDeploymentPostprocessing = 0;
		};
/* End PBXResourcesBuildPhase section */

/* Begin PBXSourcesBuildPhase section */
		9C05B2A3168CE9600054215E /* Sources */ = {
			isa = PBXSourcesBuildPhase;
			buildActionMask = 2147483647;
			files = (
				9C05B43F168CEB220054215E /* ArrayTests.m in Sources */,
				9C05B440168CEB220054215E /* BuiltInConversionsTests.m in Sources */,
				9C05B442168CEB220054215E /* CustomPropsTests.m in Sources */,
				9C05B44E168CEB220054215E /* IdPropertyTests.m in Sources */,
				9C05B44F168CEB220054215E /* JSONTypesModelWithValidation1.m in Sources */,
				9C05B450168CEB220054215E /* JSONTypesModelWithValidation2.m in Sources */,
				9C05B451168CEB220054215E /* JSONTypesReadTests.m in Sources */,
				9C05B452168CEB220054215E /* JSONValueTransformer+UIColor.m in Sources */,
				9C05B453168CEB220054215E /* KeyMappingTests.m in Sources */,
				9C05B454168CEB220054215E /* NestedModelsTests.m in Sources */,
				9C05B455168CEB220054215E /* OptionalPropertiesTests.m in Sources */,
				9C05B456168CEB220054215E /* PersistTests.m in Sources */,
				9C05B457168CEB220054215E /* PrimitiveTypesReadTests.m in Sources */,
				9C05B458168CEB220054215E /* SimpleDataErrorTests.m in Sources */,
				1C008FE518B7AE54002DFD3A /* ModelForUpperCaseMapper.m in Sources */,
				9C05B459168CEB220054215E /* BuiltInConversionsModel.m in Sources */,
				9C05B45A168CEB220054215E /* CustomPropertyModel.m in Sources */,
				9C05B45B168CEB220054215E /* GitHubKeyMapRepoModel.m in Sources */,
				9C05B45C168CEB220054215E /* GitHubKeyMapRepoModelDict.m in Sources */,
				9C05B45D168CEB220054215E /* GitHubRepoModel.m in Sources */,
				9C05B45E168CEB220054215E /* GitHubRepoModelForUSMapper.m in Sources */,
				9C05B45F168CEB220054215E /* ImageModel.m in Sources */,
				9C05B460168CEB220054215E /* JSONTypesModel.m in Sources */,
				9C05B461168CEB220054215E /* NestedModel.m in Sources */,
				9C05B462168CEB220054215E /* OptionalPropModel.m in Sources */,
				9C05B463168CEB220054215E /* PostModel.m in Sources */,
				9C05B464168CEB220054215E /* PostsModel.m in Sources */,
				9C05B465168CEB220054215E /* PrimitivesModel.m in Sources */,
				9C05B466168CEB220054215E /* ReposModel.m in Sources */,
				9C05B467168CEB220054215E /* ValidationTestSuite.m in Sources */,
				9C66DFF7168CF09A0015CCDF /* JSONModel.m in Sources */,
				9C66DFF9168CF09A0015CCDF /* JSONModelArray.m in Sources */,
				9C66DFFB168CF09A0015CCDF /* JSONModelClassProperty.m in Sources */,
				9C66DFFD168CF09A0015CCDF /* JSONModelError.m in Sources */,
				9C66DFFF168CF09A0015CCDF /* NSArray+JSONModel.m in Sources */,
				9C66E001168CF09A0015CCDF /* JSONAPI.m in Sources */,
				9C66E003168CF09A0015CCDF /* JSONHTTPClient.m in Sources */,
				9C66E005168CF09A0015CCDF /* JSONModel+networking.m in Sources */,
				9C66E007168CF09A0015CCDF /* JSONKeyMapper.m in Sources */,
				9C66E009168CF09A0015CCDF /* JSONValueTransformer.m in Sources */,
				D5F918EB172ADA3F00AC2C8E /* SpecialPropertyModel.m in Sources */,
				D5F918EE172ADAF900AC2C8E /* SpecialPropertyNameTests.m in Sources */,
				9CD425861702224F00A42AA1 /* HTTPClientSuite.m in Sources */,
				9CD4258B170222AF00A42AA1 /* MockNSURLConnection.m in Sources */,
				9CD4258C170222AF00A42AA1 /* MTTestSemaphor.m in Sources */,
				9C735D67170B717F00FF96F5 /* JSONAPITests.m in Sources */,
				9C735D6D170B7A2D00FF96F5 /* RpcRequestModel.m in Sources */,
				9C735D73170C048C00FF96F5 /* InitFromWebTests.m in Sources */,
				9C08C1AF1749750100AA8CC9 /* CopyrightModel.m in Sources */,
				9CFDD0A4176E9742007B7DFA /* EnumModel.m in Sources */,
			);
			runOnlyForDeploymentPostprocessing = 0;
		};
		9CC27C891689B7BE008B5411 /* Sources */ = {
			isa = PBXSourcesBuildPhase;
			buildActionMask = 2147483647;
			files = (
				9CC27C9E1689B7BE008B5411 /* main.m in Sources */,
				9CC27CA51689B7BE008B5411 /* AppDelegate.m in Sources */,
				9CC27CCD1689B92A008B5411 /* ViewController.m in Sources */,
				9CC2FCB9168CE7340059FE67 /* KivaFeed.m in Sources */,
				9CC2FCBA168CE7340059FE67 /* LoanModel.m in Sources */,
				9CC2FCBB168CE7340059FE67 /* LocationModel.m in Sources */,
				9C66DFF6168CF09A0015CCDF /* JSONModel.m in Sources */,
				9C66DFF8168CF09A0015CCDF /* JSONModelArray.m in Sources */,
				9C66DFFA168CF09A0015CCDF /* JSONModelClassProperty.m in Sources */,
				9C66DFFC168CF09A0015CCDF /* JSONModelError.m in Sources */,
				9C66DFFE168CF09A0015CCDF /* NSArray+JSONModel.m in Sources */,
				9C66E000168CF09A0015CCDF /* JSONAPI.m in Sources */,
				9C66E002168CF09A0015CCDF /* JSONHTTPClient.m in Sources */,
				9C66E004168CF09A0015CCDF /* JSONModel+networking.m in Sources */,
				9C66E006168CF09A0015CCDF /* JSONKeyMapper.m in Sources */,
				9C66E008168CF09A0015CCDF /* JSONValueTransformer.m in Sources */,
				9CB6BC28168DE35E0002535B /* VideoLink.m in Sources */,
				9CB6BC29168DE35E0002535B /* VideoModel.m in Sources */,
				9CB6BC2A168DE35E0002535B /* VideoTitle.m in Sources */,
				9CB6BC2E168E07730002535B /* GitHubUserModel.m in Sources */,
			);
			runOnlyForDeploymentPostprocessing = 0;
		};
/* End PBXSourcesBuildPhase section */

/* Begin PBXVariantGroup section */
		9CC27C9A1689B7BE008B5411 /* InfoPlist.strings */ = {
			isa = PBXVariantGroup;
			children = (
				9CC27C9B1689B7BE008B5411 /* en */,
			);
			name = InfoPlist.strings;
			sourceTree = "<group>";
		};
		9CC27CA01689B7BE008B5411 /* Credits.rtf */ = {
			isa = PBXVariantGroup;
			children = (
				9CC27CA11689B7BE008B5411 /* en */,
			);
			name = Credits.rtf;
			sourceTree = "<group>";
		};
		9CC27CA61689B7BE008B5411 /* MainMenu.xib */ = {
			isa = PBXVariantGroup;
			children = (
				9CC27CA71689B7BE008B5411 /* en */,
			);
			name = MainMenu.xib;
			sourceTree = "<group>";
		};
/* End PBXVariantGroup section */

/* Begin XCBuildConfiguration section */
		9C05B2B9168CE9600054215E /* Debug */ = {
			isa = XCBuildConfiguration;
			buildSettings = {
				BUNDLE_LOADER = "$(BUILT_PRODUCTS_DIR)/JSONModelDemo_OSX.app/Contents/MacOS/JSONModelDemo_OSX";
				COMBINE_HIDPI_IMAGES = YES;
				FRAMEWORK_SEARCH_PATHS = (
					"\"$(SDKROOT)/Developer/Library/Frameworks\"",
					"\"$(DEVELOPER_LIBRARY_DIR)/Frameworks\"",
					"$(DEVELOPER_FRAMEWORKS_DIR)",
				);
				GCC_PRECOMPILE_PREFIX_HEADER = YES;
				GCC_PREFIX_HEADER = "JSONModelDemoTests/JSONModelDemoTests-Prefix.pch";
				GCC_PREPROCESSOR_DEFINITIONS = (
					"DEBUG=1",
					"$(inherited)",
					"UNIT_TESTING=1",
				);
				INFOPLIST_FILE = "JSONModelDemoTests/JSONModelDemoTests-Info.plist";
				IPHONEOS_DEPLOYMENT_TARGET = 6.0;
				PRODUCT_NAME = "$(TARGET_NAME)";
				SDKROOT = "";
				TEST_HOST = "$(BUNDLE_LOADER)";
				WRAPPER_EXTENSION = xctest;
			};
			name = Debug;
		};
		9C05B2BA168CE9600054215E /* Release */ = {
			isa = XCBuildConfiguration;
			buildSettings = {
				BUNDLE_LOADER = "$(BUILT_PRODUCTS_DIR)/JSONModelDemo_OSX.app/Contents/MacOS/JSONModelDemo_OSX";
				COMBINE_HIDPI_IMAGES = YES;
				FRAMEWORK_SEARCH_PATHS = (
					"\"$(SDKROOT)/Developer/Library/Frameworks\"",
					"\"$(DEVELOPER_LIBRARY_DIR)/Frameworks\"",
					"$(DEVELOPER_FRAMEWORKS_DIR)",
				);
				GCC_PRECOMPILE_PREFIX_HEADER = YES;
				GCC_PREFIX_HEADER = "JSONModelDemoTests/JSONModelDemoTests-Prefix.pch";
				INFOPLIST_FILE = "JSONModelDemoTests/JSONModelDemoTests-Info.plist";
				IPHONEOS_DEPLOYMENT_TARGET = 6.0;
				PRODUCT_NAME = "$(TARGET_NAME)";
				SDKROOT = "";
				TEST_HOST = "$(BUNDLE_LOADER)";
				VALIDATE_PRODUCT = YES;
				WRAPPER_EXTENSION = xctest;
			};
			name = Release;
		};
		9CC27CBD1689B7BE008B5411 /* Debug */ = {
			isa = XCBuildConfiguration;
			buildSettings = {
				ALWAYS_SEARCH_USER_PATHS = NO;
				ARCHS = "$(ARCHS_STANDARD_64_BIT)";
				CLANG_CXX_LANGUAGE_STANDARD = "gnu++0x";
				CLANG_CXX_LIBRARY = "libc++";
				CLANG_ENABLE_OBJC_ARC = YES;
				CLANG_WARN_EMPTY_BODY = YES;
				CLANG_WARN__DUPLICATE_METHOD_MATCH = YES;
				COPY_PHASE_STRIP = NO;
				GCC_C_LANGUAGE_STANDARD = gnu99;
				GCC_DYNAMIC_NO_PIC = NO;
				GCC_ENABLE_OBJC_EXCEPTIONS = YES;
				GCC_OPTIMIZATION_LEVEL = 0;
				GCC_PREPROCESSOR_DEFINITIONS = (
					"DEBUG=1",
					"$(inherited)",
				);
				GCC_SYMBOLS_PRIVATE_EXTERN = NO;
				GCC_WARN_64_TO_32_BIT_CONVERSION = YES;
				GCC_WARN_ABOUT_RETURN_TYPE = YES;
				GCC_WARN_UNINITIALIZED_AUTOS = YES;
				GCC_WARN_UNUSED_VARIABLE = YES;
				MACOSX_DEPLOYMENT_TARGET = 10.7;
				ONLY_ACTIVE_ARCH = YES;
				SDKROOT = macosx;
			};
			name = Debug;
		};
		9CC27CBE1689B7BE008B5411 /* Release */ = {
			isa = XCBuildConfiguration;
			buildSettings = {
				ALWAYS_SEARCH_USER_PATHS = NO;
				ARCHS = "$(ARCHS_STANDARD_64_BIT)";
				CLANG_CXX_LANGUAGE_STANDARD = "gnu++0x";
				CLANG_CXX_LIBRARY = "libc++";
				CLANG_ENABLE_OBJC_ARC = YES;
				CLANG_WARN_EMPTY_BODY = YES;
				CLANG_WARN__DUPLICATE_METHOD_MATCH = YES;
				COPY_PHASE_STRIP = YES;
				DEBUG_INFORMATION_FORMAT = "dwarf-with-dsym";
				GCC_C_LANGUAGE_STANDARD = gnu99;
				GCC_ENABLE_OBJC_EXCEPTIONS = YES;
				GCC_WARN_64_TO_32_BIT_CONVERSION = YES;
				GCC_WARN_ABOUT_RETURN_TYPE = YES;
				GCC_WARN_UNINITIALIZED_AUTOS = YES;
				GCC_WARN_UNUSED_VARIABLE = YES;
				MACOSX_DEPLOYMENT_TARGET = 10.7;
				SDKROOT = macosx;
			};
			name = Release;
		};
		9CC27CC01689B7BE008B5411 /* Debug */ = {
			isa = XCBuildConfiguration;
			buildSettings = {
				COMBINE_HIDPI_IMAGES = YES;
				GCC_PRECOMPILE_PREFIX_HEADER = YES;
				GCC_PREFIX_HEADER = "JSONModelOSX/JSONModelDemo_OSX-Prefix.pch";
				INFOPLIST_FILE = "JSONModelOSX/JSONModelDemo_OSX-Info.plist";
				PRODUCT_NAME = JSONModelDemo_OSX;
				WRAPPER_EXTENSION = app;
			};
			name = Debug;
		};
		9CC27CC11689B7BE008B5411 /* Release */ = {
			isa = XCBuildConfiguration;
			buildSettings = {
				COMBINE_HIDPI_IMAGES = YES;
				GCC_PRECOMPILE_PREFIX_HEADER = YES;
				GCC_PREFIX_HEADER = "JSONModelOSX/JSONModelDemo_OSX-Prefix.pch";
				INFOPLIST_FILE = "JSONModelOSX/JSONModelDemo_OSX-Info.plist";
				PRODUCT_NAME = JSONModelDemo_OSX;
				WRAPPER_EXTENSION = app;
			};
			name = Release;
		};
/* End XCBuildConfiguration section */

/* Begin XCConfigurationList section */
		9C05B2B8168CE9600054215E /* Build configuration list for PBXNativeTarget "JSONModelDemoTests" */ = {
			isa = XCConfigurationList;
			buildConfigurations = (
				9C05B2B9168CE9600054215E /* Debug */,
				9C05B2BA168CE9600054215E /* Release */,
			);
			defaultConfigurationIsVisible = 0;
			defaultConfigurationName = Release;
		};
		9CC27C871689B7BE008B5411 /* Build configuration list for PBXProject "JSONModelDemo_OSX" */ = {
			isa = XCConfigurationList;
			buildConfigurations = (
				9CC27CBD1689B7BE008B5411 /* Debug */,
				9CC27CBE1689B7BE008B5411 /* Release */,
			);
			defaultConfigurationIsVisible = 0;
			defaultConfigurationName = Release;
		};
		9CC27CBF1689B7BE008B5411 /* Build configuration list for PBXNativeTarget "JSONModelDemo_OSX" */ = {
			isa = XCConfigurationList;
			buildConfigurations = (
				9CC27CC01689B7BE008B5411 /* Debug */,
				9CC27CC11689B7BE008B5411 /* Release */,
			);
			defaultConfigurationIsVisible = 0;
			defaultConfigurationName = Release;
		};
/* End XCConfigurationList section */
	};
	rootObject = 9CC27C841689B7BE008B5411 /* Project object */;
}
